
Microsoft Visual Studio Solution File, Format Version 12.00
# Visual Studio Version 17
VisualStudioVersion = 17.10.35013.160
MinimumVisualStudioVersion = 10.0.40219.1
Project("{9A19103F-16F7-4668-BE54-9A1E7A4F7556}") = "Task_4", "Task_4.csproj", "{4F8F5FF7-E822-4428-A18F-8EE14F02BF1F}"
EndProject
Project("{9A19103F-16F7-4668-BE54-9A1E7A4F7556}") = "Task_4_Test", "..\Task_4_Test\Task_4_Test.csproj", "{903860A4-04BA-49EE-A2B1-EF96BCA68750}"
EndProject
Global
	GlobalSection(SolutionConfigurationPlatforms) = preSolution
		Debug|Any CPU = Debug|Any CPU
		Release|Any CPU = Release|Any CPU
	EndGlobalSection
	GlobalSection(ProjectConfigurationPlatforms) = postSolution
		{4F8F5FF7-E822-4428-A18F-8EE14F02BF1F}.Debug|Any CPU.ActiveCfg = Debug|Any CPU
		{4F8F5FF7-E822-4428-A18F-8EE14F02BF1F}.Debug|Any CPU.Build.0 = Debug|Any CPU
		{4F8F5FF7-E822-4428-A18F-8EE14F02BF1F}.Release|Any CPU.ActiveCfg = Release|Any CPU
		{4F8F5FF7-E822-4428-A18F-8EE14F02BF1F}.Release|Any CPU.Build.0 = Release|Any CPU
		{903860A4-04BA-49EE-A2B1-EF96BCA68750}.Debug|Any CPU.ActiveCfg = Debug|Any CPU
		{903860A4-04BA-49EE-A2B1-EF96BCA68750}.Debug|Any CPU.Build.0 = Debug|Any CPU
		{903860A4-04BA-49EE-A2B1-EF96BCA68750}.Release|Any CPU.ActiveCfg = Release|Any CPU
		{903860A4-04BA-49EE-A2B1-EF96BCA68750}.Release|Any CPU.Build.0 = Release|Any CPU
	EndGlobalSection
	GlobalSection(SolutionProperties) = preSolution
		HideSolutionNode = FALSE
	EndGlobalSection
	GlobalSection(ExtensibilityGlobals) = postSolution
		SolutionGuid = {2840DE95-966D-403A-A85D-E71771D7EFDC}
	EndGlobalSection
EndGlobal
